<?xml version="1.0" encoding="utf-8"?>
<Project ToolsVersion="4.0" xmlns="http://schemas.microsoft.com/developer/msbuild/2003">
  <ItemGroup>
    <Filter Include="源文件">
      <UniqueIdentifier>{4FC737F1-C7A5-4376-A066-2A32D752A2FF}</UniqueIdentifier>
      <Extensions>cpp;c;cc;cxx;def;odl;idl;hpj;bat;asm;asmx</Extensions>
    </Filter>
    <Filter Include="头文件">
      <UniqueIdentifier>{93995380-89BD-4b04-88EB-625FBE52EBFB}</UniqueIdentifier>
      <Extensions>h;hh;hpp;hxx;hm;inl;inc;ipp;xsd</Extensions>
    </Filter>
    <Filter Include="资源文件">
      <UniqueIdentifier>{67DA6AB6-F800-4c08-8B7A-83BB121AAD01}</UniqueIdentifier>
      <Extensions>rc;ico;cur;bmp;dlg;rc2;rct;bin;rgs;gif;jpg;jpeg;jpe;resx;tiff;tif;png;wav;mfcribbon-ms</Extensions>
    </Filter>
  </ItemGroup>
  <ItemGroup>
    <ClInclude Include="NicoNicoBank2.0.h">
      <Filter>头文件</Filter>
    </ClInclude>
    <ClInclude Include="NicoNicoBank2.0Dlg.h">
      <Filter>头文件</Filter>
    </ClInclude>
    <ClInclude Include="stdafx.h">
      <Filter>头文件</Filter>
    </ClInclude>
    <ClInclude Include="targetver.h">
      <Filter>头文件</Filter>
    </ClInclude>
    <ClInclude Include="Resource.h">
      <Filter>头文件</Filter>
    </ClInclude>
    <ClInclude Include="CLoginDlg.h">
      <Filter>头文件</Filter>
    </ClInclude>
    <ClInclude Include="class\CurrentDeposit.h">
      <Filter>头文件</Filter>
    </ClInclude>
    <ClInclude Include="class\Date.h">
      <Filter>头文件</Filter>
    </ClInclude>
    <ClInclude Include="class\Deposit.h">
      <Filter>头文件</Filter>
    </ClInclude>
    <ClInclude Include="class\FixedDeposit.h">
      <Filter>头文件</Filter>
    </ClInclude>
    <ClInclude Include="class\Func.h">
      <Filter>头文件</Filter>
    </ClInclude>
    <ClInclude Include="class\Logic.h">
      <Filter>头文件</Filter>
    </ClInclude>
    <ClInclude Include="class\md5.h">
      <Filter>头文件</Filter>
    </ClInclude>
    <ClInclude Include="class\Staff.h">
      <Filter>头文件</Filter>
    </ClInclude>
    <ClInclude Include="class\User.h">
      <Filter>头文件</Filter>
    </ClInclude>
    <ClInclude Include="database\CppSQLite3.h">
      <Filter>头文件</Filter>
    </ClInclude>
    <ClInclude Include="database\sqlite3.h">
      <Filter>头文件</Filter>
    </ClInclude>
    <ClInclude Include="database\sqlite3ext.h">
      <Filter>头文件</Filter>
    </ClInclude>
    <ClInclude Include="CdepositDlg.h">
      <Filter>头文件</Filter>
    </ClInclude>
    <ClInclude Include="Cdepositinfoprint.h">
      <Filter>头文件</Filter>
    </ClInclude>
    <ClInclude Include="Ccheckinfo.h">
      <Filter>头文件</Filter>
    </ClInclude>
    <ClInclude Include="CwithdrawalDlg2.h">
      <Filter>头文件</Filter>
    </ClInclude>
    <ClInclude Include="Cdatechange.h">
      <Filter>头文件</Filter>
    </ClInclude>
    <ClInclude Include="Cwithdrainfoprint.h">
      <Filter>头文件</Filter>
    </ClInclude>
    <ClInclude Include="Copenaccount.h">
      <Filter>头文件</Filter>
    </ClInclude>
    <ClInclude Include="CdueDlg.h">
      <Filter>头文件</Filter>
    </ClInclude>
    <ClInclude Include="Creportloss.h">
      <Filter>头文件</Filter>
    </ClInclude>
    <ClInclude Include="Cinfochange.h">
      <Filter>头文件</Filter>
    </ClInclude>
    <ClInclude Include="Ccheckpwd.h">
      <Filter>头文件</Filter>
    </ClInclude>
    <ClInclude Include="Cstaffregist.h">
      <Filter>头文件</Filter>
    </ClInclude>
    <ClInclude Include="CUserInfo.h">
      <Filter>头文件</Filter>
    </ClInclude>
  </ItemGroup>
  <ItemGroup>
    <ClCompile Include="NicoNicoBank2.0.cpp">
      <Filter>源文件</Filter>
    </ClCompile>
    <ClCompile Include="NicoNicoBank2.0Dlg.cpp">
      <Filter>源文件</Filter>
    </ClCompile>
    <ClCompile Include="stdafx.cpp">
      <Filter>源文件</Filter>
    </ClCompile>
    <ClCompile Include="CLoginDlg.cpp">
      <Filter>源文件</Filter>
    </ClCompile>
    <ClCompile Include="class\Date.cpp">
      <Filter>源文件</Filter>
    </ClCompile>
    <ClCompile Include="class\Func.cpp">
      <Filter>源文件</Filter>
    </ClCompile>
    <ClCompile Include="class\Deposit.cpp">
      <Filter>源文件</Filter>
    </ClCompile>
    <ClCompile Include="class\FixedDeposit.cpp">
      <Filter>源文件</Filter>
    </ClCompile>
    <ClCompile Include="class\Logic.cpp">
      <Filter>源文件</Filter>
    </ClCompile>
    <ClCompile Include="class\md5.cpp">
      <Filter>源文件</Filter>
    </ClCompile>
    <ClCompile Include="class\Staff.cpp">
      <Filter>源文件</Filter>
    </ClCompile>
    <ClCompile Include="class\User.cpp">
      <Filter>源文件</Filter>
    </ClCompile>
    <ClCompile Include="class\CurrentDeposit.cpp">
      <Filter>源文件</Filter>
    </ClCompile>
    <ClCompile Include="database\CppSQLite3.cpp">
      <Filter>源文件</Filter>
    </ClCompile>
    <ClCompile Include="database\sqlite3.c">
      <Filter>源文件</Filter>
    </ClCompile>
    <ClCompile Include="CdepositDlg.cpp">
      <Filter>源文件</Filter>
    </ClCompile>
    <ClCompile Include="Cdepositinfoprint.cpp">
      <Filter>源文件</Filter>
    </ClCompile>
    <ClCompile Include="Ccheckinfo.cpp">
      <Filter>源文件</Filter>
    </ClCompile>
    <ClCompile Include="CwithdrawalDlg2.cpp">
      <Filter>源文件</Filter>
    </ClCompile>
    <ClCompile Include="Cdatechange.cpp">
      <Filter>源文件</Filter>
    </ClCompile>
    <ClCompile Include="Cwithdrainfoprint.cpp">
      <Filter>源文件</Filter>
    </ClCompile>
    <ClCompile Include="Copenaccount.cpp">
      <Filter>源文件</Filter>
    </ClCompile>
    <ClCompile Include="CdueDlg.cpp">
      <Filter>源文件</Filter>
    </ClCompile>
    <ClCompile Include="Creportloss.cpp">
      <Filter>源文件</Filter>
    </ClCompile>
    <ClCompile Include="Cinfochange.cpp">
      <Filter>源文件</Filter>
    </ClCompile>
    <ClCompile Include="Ccheckpwd.cpp">
      <Filter>源文件</Filter>
    </ClCompile>
    <ClCompile Include="Cstaffregist.cpp">
      <Filter>源文件</Filter>
    </ClCompile>
    <ClCompile Include="CUserInfo.cpp">
      <Filter>源文件</Filter>
    </ClCompile>
  </ItemGroup>
  <ItemGroup>
    <ResourceCompile Include="NicoNicoBank20.rc">
      <Filter>资源文件</Filter>
    </ResourceCompile>
  </ItemGroup>
  <ItemGroup>
    <None Include="res\NicoNicoBank20.rc2">
      <Filter>资源文件</Filter>
    </None>
  </ItemGroup>
  <ItemGroup>
    <Image Include="res\NicoNicoBank2.0.ico">
      <Filter>资源文件</Filter>
    </Image>
  </ItemGroup>
</Project>